
Microsoft Visual Studio Solution File, Format Version 12.00
# Visual Studio Version 16
VisualStudioVersion = 16.0.29926.136
MinimumVisualStudioVersion = 10.0.40219.1
Project("{FAE04EC0-301F-11D3-BF4B-00C04F79EFBC}") = "SchacchieraApp1", "SchacchieraApp1\SchacchieraApp1.csproj", "{B0BB6D90-0D57-44F9-A5C9-D04EE51B7AE7}"
EndProject
Global
	GlobalSection(SolutionConfigurationPlatforms) = preSolution
		Debug|Any CPU = Debug|Any CPU
		Release|Any CPU = Release|Any CPU
	EndGlobalSection
	GlobalSection(ProjectConfigurationPlatforms) = postSolution
		{B0BB6D90-0D57-44F9-A5C9-D04EE51B7AE7}.Debug|Any CPU.ActiveCfg = Debug|Any CPU
		{B0BB6D90-0D57-44F9-A5C9-D04EE51B7AE7}.Debug|Any CPU.Build.0 = Debug|Any CPU
		{B0BB6D90-0D57-44F9-A5C9-D04EE51B7AE7}.Release|Any CPU.ActiveCfg = Release|Any CPU
		{B0BB6D90-0D57-44F9-A5C9-D04EE51B7AE7}.Release|Any CPU.Build.0 = Release|Any CPU
	EndGlobalSection
	GlobalSection(SolutionProperties) = preSolution
		HideSolutionNode = FALSE
	EndGlobalSection
	GlobalSection(ExtensibilityGlobals) = postSolution
		SolutionGuid = {1C3F403A-E91E-4B46-A62F-A2C1D9455102}
	EndGlobalSection
EndGlobal
